
Microsoft Visual Studio Solution File, Format Version 12.00
# Visual Studio Version 17
VisualStudioVersion = 17.4.33205.214
MinimumVisualStudioVersion = 10.0.40219.1
Project("{FAE04EC0-301F-11D3-BF4B-00C04F79EFBC}") = "mobilecontroll runner", "mobilecontroll runner.csproj", "{985D6812-0A52-4C55-9C3E-F35E68B89CDE}"
EndProject
Global
	GlobalSection(SolutionConfigurationPlatforms) = preSolution
		Debug|Any CPU = Debug|Any CPU
		Release|Any CPU = Release|Any CPU
	EndGlobalSection
	GlobalSection(ProjectConfigurationPlatforms) = postSolution
		{985D6812-0A52-4C55-9C3E-F35E68B89CDE}.Debug|Any CPU.ActiveCfg = Debug|Any CPU
		{985D6812-0A52-4C55-9C3E-F35E68B89CDE}.Debug|Any CPU.Build.0 = Debug|Any CPU
		{985D6812-0A52-4C55-9C3E-F35E68B89CDE}.Release|Any CPU.ActiveCfg = Release|Any CPU
		{985D6812-0A52-4C55-9C3E-F35E68B89CDE}.Release|Any CPU.Build.0 = Release|Any CPU
	EndGlobalSection
	GlobalSection(SolutionProperties) = preSolution
		HideSolutionNode = FALSE
	EndGlobalSection
	GlobalSection(ExtensibilityGlobals) = postSolution
		SolutionGuid = {68C6F902-C7AE-48BD-8546-74EA1F0CE23D}
	EndGlobalSection
EndGlobal
